Microsoft Visual Studio Solution File, Format Version 12.00
# Visual Studio Version 17
VisualStudioVersion = 17.5.2.0
MinimumVisualStudioVersion = 10.0.40219.1
Project("{FAE04EC0-301F-11D3-BF4B-00C04F79EFBC}") = "git-tool", "git-tool\git-tool.csproj", "{D191A980-BD1D-219A-97E1-316523CB793C}"
EndProject
Project("{FAE04EC0-301F-11D3-BF4B-00C04F79EFBC}") = "GitToolLibrary", "GitToolLibrary\GitToolLibrary.csproj", "{5ACD8071-350E-47AD-ACDA-D75D63D3A0C7}"
EndProject
Global
	GlobalSection(SolutionConfigurationPlatforms) = preSolution
		Debug|Any CPU = Debug|Any CPU
		Release|Any CPU = Release|Any CPU
	EndGlobalSection
	GlobalSection(ProjectConfigurationPlatforms) = postSolution
		{D191A980-BD1D-219A-97E1-316523CB793C}.Debug|Any CPU.ActiveCfg = Debug|Any CPU
		{D191A980-BD1D-219A-97E1-316523CB793C}.Debug|Any CPU.Build.0 = Debug|Any CPU
		{D191A980-BD1D-219A-97E1-316523CB793C}.Release|Any CPU.ActiveCfg = Release|Any CPU
		{D191A980-BD1D-219A-97E1-316523CB793C}.Release|Any CPU.Build.0 = Release|Any CPU
		{5ACD8071-350E-47AD-ACDA-D75D63D3A0C7}.Debug|Any CPU.ActiveCfg = Debug|Any CPU
		{5ACD8071-350E-47AD-ACDA-D75D63D3A0C7}.Debug|Any CPU.Build.0 = Debug|Any CPU
		{5ACD8071-350E-47AD-ACDA-D75D63D3A0C7}.Release|Any CPU.ActiveCfg = Release|Any CPU
		{5ACD8071-350E-47AD-ACDA-D75D63D3A0C7}.Release|Any CPU.Build.0 = Release|Any CPU
	EndGlobalSection
	GlobalSection(SolutionProperties) = preSolution
		HideSolutionNode = FALSE
	EndGlobalSection
	GlobalSection(ExtensibilityGlobals) = postSolution
		SolutionGuid = {90F45675-C6D6-4F17-A6A5-E31B2B0DA5EA}
	EndGlobalSection
EndGlobal
